
Microsoft Visual Studio Solution File, Format Version 12.00
# Visual Studio 2013
VisualStudioVersion = 12.0.31101.0
MinimumVisualStudioVersion = 10.0.40219.1
Project("{FAE04EC0-301F-11D3-BF4B-00C04F79EFBC}") = "RawBencher", "RawBencher\RawBencher.csproj", "{A4AA317A-6958-4D0C-B2EE-026005FD2C2E}"
EndProject
Project("{FAE04EC0-301F-11D3-BF4B-00C04F79EFBC}") = "EF6.Bencher.Model", "EF6\Model\EF6.Bencher.Model.csproj", "{6524B78A-CA15-41A8-80FA-216A5C99A369}"
EndProject
Project("{FAE04EC0-301F-11D3-BF4B-00C04F79EFBC}") = "EF6.Bencher.Persistence", "EF6\Persistence\EF6.Bencher.Persistence.csproj", "{AC909E22-26D0-47CF-98BC-DD07309D3A77}"
EndProject
Project("{FAE04EC0-301F-11D3-BF4B-00C04F79EFBC}") = "AdventureWorks.Dal.Adapter.v42", "LLBLGen42\AdventureWorks.Dal.Adapter.v42.csproj", "{CEDE6074-9D0E-49E2-8600-532B89B19111}"
EndProject
Project("{FAE04EC0-301F-11D3-BF4B-00C04F79EFBC}") = "AdventureWorks.Dal.Adapter.v42DBSpecific", "LLBLGen42\AdventureWorks.Dal.Adapter.v42DBSpecific.csproj", "{B6304537-00D2-449D-B60C-D1CCD97B899E}"
EndProject
Project("{FAE04EC0-301F-11D3-BF4B-00C04F79EFBC}") = "WebMonkey", "WebMonkey\WebMonkey.csproj", "{F88D21A2-3846-451A-ABBC-4744FBE0A644}"
EndProject
Global
	GlobalSection(SolutionConfigurationPlatforms) = preSolution
		Debug|.NET = Debug|.NET
		Debug|Any CPU = Debug|Any CPU
		Debug|Mixed Platforms = Debug|Mixed Platforms
		Release|.NET = Release|.NET
		Release|Any CPU = Release|Any CPU
		Release|Mixed Platforms = Release|Mixed Platforms
	EndGlobalSection
	GlobalSection(ProjectConfigurationPlatforms) = postSolution
		{A4AA317A-6958-4D0C-B2EE-026005FD2C2E}.Debug|.NET.ActiveCfg = Debug|Any CPU
		{A4AA317A-6958-4D0C-B2EE-026005FD2C2E}.Debug|Any CPU.ActiveCfg = Debug|Any CPU
		{A4AA317A-6958-4D0C-B2EE-026005FD2C2E}.Debug|Any CPU.Build.0 = Debug|Any CPU
		{A4AA317A-6958-4D0C-B2EE-026005FD2C2E}.Debug|Mixed Platforms.ActiveCfg = Debug|Any CPU
		{A4AA317A-6958-4D0C-B2EE-026005FD2C2E}.Debug|Mixed Platforms.Build.0 = Debug|Any CPU
		{A4AA317A-6958-4D0C-B2EE-026005FD2C2E}.Release|.NET.ActiveCfg = Release|Any CPU
		{A4AA317A-6958-4D0C-B2EE-026005FD2C2E}.Release|Any CPU.ActiveCfg = Release|Any CPU
		{A4AA317A-6958-4D0C-B2EE-026005FD2C2E}.Release|Any CPU.Build.0 = Release|Any CPU
		{A4AA317A-6958-4D0C-B2EE-026005FD2C2E}.Release|Mixed Platforms.ActiveCfg = Release|Any CPU
		{A4AA317A-6958-4D0C-B2EE-026005FD2C2E}.Release|Mixed Platforms.Build.0 = Release|Any CPU
		{6524B78A-CA15-41A8-80FA-216A5C99A369}.Debug|.NET.ActiveCfg = Debug|Any CPU
		{6524B78A-CA15-41A8-80FA-216A5C99A369}.Debug|Any CPU.ActiveCfg = Debug|Any CPU
		{6524B78A-CA15-41A8-80FA-216A5C99A369}.Debug|Any CPU.Build.0 = Debug|Any CPU
		{6524B78A-CA15-41A8-80FA-216A5C99A369}.Debug|Mixed Platforms.ActiveCfg = Debug|Any CPU
		{6524B78A-CA15-41A8-80FA-216A5C99A369}.Debug|Mixed Platforms.Build.0 = Debug|Any CPU
		{6524B78A-CA15-41A8-80FA-216A5C99A369}.Release|.NET.ActiveCfg = Release|Any CPU
		{6524B78A-CA15-41A8-80FA-216A5C99A369}.Release|Any CPU.ActiveCfg = Release|Any CPU
		{6524B78A-CA15-41A8-80FA-216A5C99A369}.Release|Any CPU.Build.0 = Release|Any CPU
		{6524B78A-CA15-41A8-80FA-216A5C99A369}.Release|Mixed Platforms.ActiveCfg = Release|Any CPU
		{6524B78A-CA15-41A8-80FA-216A5C99A369}.Release|Mixed Platforms.Build.0 = Release|Any CPU
		{AC909E22-26D0-47CF-98BC-DD07309D3A77}.Debug|.NET.ActiveCfg = Debug|Any CPU
		{AC909E22-26D0-47CF-98BC-DD07309D3A77}.Debug|Any CPU.ActiveCfg = Debug|Any CPU
		{AC909E22-26D0-47CF-98BC-DD07309D3A77}.Debug|Any CPU.Build.0 = Debug|Any CPU
		{AC909E22-26D0-47CF-98BC-DD07309D3A77}.Debug|Mixed Platforms.ActiveCfg = Debug|Any CPU
		{AC909E22-26D0-47CF-98BC-DD07309D3A77}.Debug|Mixed Platforms.Build.0 = Debug|Any CPU
		{AC909E22-26D0-47CF-98BC-DD07309D3A77}.Release|.NET.ActiveCfg = Release|Any CPU
		{AC909E22-26D0-47CF-98BC-DD07309D3A77}.Release|Any CPU.ActiveCfg = Release|Any CPU
		{AC909E22-26D0-47CF-98BC-DD07309D3A77}.Release|Any CPU.Build.0 = Release|Any CPU
		{AC909E22-26D0-47CF-98BC-DD07309D3A77}.Release|Mixed Platforms.ActiveCfg = Release|Any CPU
		{AC909E22-26D0-47CF-98BC-DD07309D3A77}.Release|Mixed Platforms.Build.0 = Release|Any CPU
		{CEDE6074-9D0E-49E2-8600-532B89B19111}.Debug|.NET.ActiveCfg = Debug|Any CPU
		{CEDE6074-9D0E-49E2-8600-532B89B19111}.Debug|Any CPU.ActiveCfg = Debug|Any CPU
		{CEDE6074-9D0E-49E2-8600-532B89B19111}.Debug|Any CPU.Build.0 = Debug|Any CPU
		{CEDE6074-9D0E-49E2-8600-532B89B19111}.Debug|Mixed Platforms.ActiveCfg = Debug|Any CPU
		{CEDE6074-9D0E-49E2-8600-532B89B19111}.Debug|Mixed Platforms.Build.0 = Debug|Any CPU
		{CEDE6074-9D0E-49E2-8600-532B89B19111}.Release|.NET.ActiveCfg = Release|Any CPU
		{CEDE6074-9D0E-49E2-8600-532B89B19111}.Release|Any CPU.ActiveCfg = Release|Any CPU
		{CEDE6074-9D0E-49E2-8600-532B89B19111}.Release|Any CPU.Build.0 = Release|Any CPU
		{CEDE6074-9D0E-49E2-8600-532B89B19111}.Release|Mixed Platforms.ActiveCfg = Release|Any CPU
		{CEDE6074-9D0E-49E2-8600-532B89B19111}.Release|Mixed Platforms.Build.0 = Release|Any CPU
		{B6304537-00D2-449D-B60C-D1CCD97B899E}.Debug|.NET.ActiveCfg = Debug|Any CPU
		{B6304537-00D2-449D-B60C-D1CCD97B899E}.Debug|Any CPU.ActiveCfg = Debug|Any CPU
		{B6304537-00D2-449D-B60C-D1CCD97B899E}.Debug|Any CPU.Build.0 = Debug|Any CPU
		{B6304537-00D2-449D-B60C-D1CCD97B899E}.Debug|Mixed Platforms.ActiveCfg = Debug|Any CPU
		{B6304537-00D2-449D-B60C-D1CCD97B899E}.Debug|Mixed Platforms.Build.0 = Debug|Any CPU
		{B6304537-00D2-449D-B60C-D1CCD97B899E}.Release|.NET.ActiveCfg = Release|Any CPU
		{B6304537-00D2-449D-B60C-D1CCD97B899E}.Release|Any CPU.ActiveCfg = Release|Any CPU
		{B6304537-00D2-449D-B60C-D1CCD97B899E}.Release|Any CPU.Build.0 = Release|Any CPU
		{B6304537-00D2-449D-B60C-D1CCD97B899E}.Release|Mixed Platforms.ActiveCfg = Release|Any CPU
		{B6304537-00D2-449D-B60C-D1CCD97B899E}.Release|Mixed Platforms.Build.0 = Release|Any CPU
		{F88D21A2-3846-451A-ABBC-4744FBE0A644}.Debug|.NET.ActiveCfg = Debug|Any CPU
		{F88D21A2-3846-451A-ABBC-4744FBE0A644}.Debug|Any CPU.ActiveCfg = Debug|Any CPU
		{F88D21A2-3846-451A-ABBC-4744FBE0A644}.Debug|Any CPU.Build.0 = Debug|Any CPU
		{F88D21A2-3846-451A-ABBC-4744FBE0A644}.Debug|Mixed Platforms.ActiveCfg = Debug|Any CPU
		{F88D21A2-3846-451A-ABBC-4744FBE0A644}.Debug|Mixed Platforms.Build.0 = Debug|Any CPU
		{F88D21A2-3846-451A-ABBC-4744FBE0A644}.Release|.NET.ActiveCfg = Release|Any CPU
		{F88D21A2-3846-451A-ABBC-4744FBE0A644}.Release|Any CPU.ActiveCfg = Release|Any CPU
		{F88D21A2-3846-451A-ABBC-4744FBE0A644}.Release|Any CPU.Build.0 = Release|Any CPU
		{F88D21A2-3846-451A-ABBC-4744FBE0A644}.Release|Mixed Platforms.ActiveCfg = Release|Any CPU
		{F88D21A2-3846-451A-ABBC-4744FBE0A644}.Release|Mixed Platforms.Build.0 = Release|Any CPU
	EndGlobalSection
	GlobalSection(SolutionProperties) = preSolution
		HideSolutionNode = FALSE
	EndGlobalSection
EndGlobal
